
Microsoft Visual Studio Solution File, Format Version 12.00
# Visual Studio Version 16
VisualStudioVersion = 16.0.30104.148
MinimumVisualStudioVersion = 10.0.40219.1
Project("{FAE04EC0-301F-11D3-BF4B-00C04F79EFBC}") = "Serialize_in_action_filter", "Serialize_in_action_filter\Serialize_in_action_filter.csproj", "{3D10E984-6C6C-4E14-AA9D-3E50AE2E15F4}"
EndProject
Global
	GlobalSection(SolutionConfigurationPlatforms) = preSolution
		Debug|Any CPU = Debug|Any CPU
		Release|Any CPU = Release|Any CPU
	EndGlobalSection
	GlobalSection(ProjectConfigurationPlatforms) = postSolution
		{3D10E984-6C6C-4E14-AA9D-3E50AE2E15F4}.Debug|Any CPU.ActiveCfg = Debug|Any CPU
		{3D10E984-6C6C-4E14-AA9D-3E50AE2E15F4}.Debug|Any CPU.Build.0 = Debug|Any CPU
		{3D10E984-6C6C-4E14-AA9D-3E50AE2E15F4}.Release|Any CPU.ActiveCfg = Release|Any CPU
		{3D10E984-6C6C-4E14-AA9D-3E50AE2E15F4}.Release|Any CPU.Build.0 = Release|Any CPU
	EndGlobalSection
	GlobalSection(SolutionProperties) = preSolution
		HideSolutionNode = FALSE
	EndGlobalSection
	GlobalSection(ExtensibilityGlobals) = postSolution
		SolutionGuid = {CAEB88FA-CE2D-464A-A8B1-853C77CABE70}
	EndGlobalSection
EndGlobal
