
Microsoft Visual Studio Solution File, Format Version 12.00
# Visual Studio Version 16
VisualStudioVersion = 16.0.30104.148
MinimumVisualStudioVersion = 10.0.40219.1
Project("{FAE04EC0-301F-11D3-BF4B-00C04F79EFBC}") = "Sol2-serialize-write-response-actionfilter", "Sol2-serialize-write-response-actionfilter\Sol2-serialize-write-response-actionfilter.csproj", "{6F3E7CD5-B02C-467E-8C2A-77C2199138F2}"
EndProject
Global
	GlobalSection(SolutionConfigurationPlatforms) = preSolution
		Debug|Any CPU = Debug|Any CPU
		Release|Any CPU = Release|Any CPU
	EndGlobalSection
	GlobalSection(ProjectConfigurationPlatforms) = postSolution
		{6F3E7CD5-B02C-467E-8C2A-77C2199138F2}.Debug|Any CPU.ActiveCfg = Debug|Any CPU
		{6F3E7CD5-B02C-467E-8C2A-77C2199138F2}.Debug|Any CPU.Build.0 = Debug|Any CPU
		{6F3E7CD5-B02C-467E-8C2A-77C2199138F2}.Release|Any CPU.ActiveCfg = Release|Any CPU
		{6F3E7CD5-B02C-467E-8C2A-77C2199138F2}.Release|Any CPU.Build.0 = Release|Any CPU
	EndGlobalSection
	GlobalSection(SolutionProperties) = preSolution
		HideSolutionNode = FALSE
	EndGlobalSection
	GlobalSection(ExtensibilityGlobals) = postSolution
		SolutionGuid = {DCB1E0C3-8E10-47CB-AF50-255C76D088D0}
	EndGlobalSection
EndGlobal
